
Microsoft Visual Studio Solution File, Format Version 12.00
# Visual Studio 2013
VisualStudioVersion = 12.0.21005.1
MinimumVisualStudioVersion = 10.0.40219.1
Project("{FAE04EC0-301F-11D3-BF4B-00C04F79EFBC}") = "InstantBingo", "InstantBingo\InstantBingo.csproj", "{05B51351-1297-4C50-899C-01017CB572EB}"
EndProject
Project("{F2A71F9B-5D33-465A-A702-920D77279786}") = "BingoEngine", "BingoEngine\BingoEngine.fsproj", "{F3C19C0B-3581-4ADD-9498-580C07D6A760}"
EndProject
Global
	GlobalSection(SolutionConfigurationPlatforms) = preSolution
		Debug|Any CPU = Debug|Any CPU
		Debug|ARM = Debug|ARM
		Debug|x64 = Debug|x64
		Debug|x86 = Debug|x86
		Release|Any CPU = Release|Any CPU
		Release|ARM = Release|ARM
		Release|x64 = Release|x64
		Release|x86 = Release|x86
	EndGlobalSection
	GlobalSection(ProjectConfigurationPlatforms) = postSolution
		{05B51351-1297-4C50-899C-01017CB572EB}.Debug|Any CPU.ActiveCfg = Debug|Any CPU
		{05B51351-1297-4C50-899C-01017CB572EB}.Debug|Any CPU.Build.0 = Debug|Any CPU
		{05B51351-1297-4C50-899C-01017CB572EB}.Debug|Any CPU.Deploy.0 = Debug|Any CPU
		{05B51351-1297-4C50-899C-01017CB572EB}.Debug|ARM.ActiveCfg = Debug|ARM
		{05B51351-1297-4C50-899C-01017CB572EB}.Debug|ARM.Build.0 = Debug|ARM
		{05B51351-1297-4C50-899C-01017CB572EB}.Debug|ARM.Deploy.0 = Debug|ARM
		{05B51351-1297-4C50-899C-01017CB572EB}.Debug|x64.ActiveCfg = Debug|x64
		{05B51351-1297-4C50-899C-01017CB572EB}.Debug|x64.Build.0 = Debug|x64
		{05B51351-1297-4C50-899C-01017CB572EB}.Debug|x64.Deploy.0 = Debug|x64
		{05B51351-1297-4C50-899C-01017CB572EB}.Debug|x86.ActiveCfg = Debug|x86
		{05B51351-1297-4C50-899C-01017CB572EB}.Debug|x86.Build.0 = Debug|x86
		{05B51351-1297-4C50-899C-01017CB572EB}.Debug|x86.Deploy.0 = Debug|x86
		{05B51351-1297-4C50-899C-01017CB572EB}.Release|Any CPU.ActiveCfg = Release|Any CPU
		{05B51351-1297-4C50-899C-01017CB572EB}.Release|Any CPU.Build.0 = Release|Any CPU
		{05B51351-1297-4C50-899C-01017CB572EB}.Release|Any CPU.Deploy.0 = Release|Any CPU
		{05B51351-1297-4C50-899C-01017CB572EB}.Release|ARM.ActiveCfg = Release|ARM
		{05B51351-1297-4C50-899C-01017CB572EB}.Release|ARM.Build.0 = Release|ARM
		{05B51351-1297-4C50-899C-01017CB572EB}.Release|ARM.Deploy.0 = Release|ARM
		{05B51351-1297-4C50-899C-01017CB572EB}.Release|x64.ActiveCfg = Release|x64
		{05B51351-1297-4C50-899C-01017CB572EB}.Release|x64.Build.0 = Release|x64
		{05B51351-1297-4C50-899C-01017CB572EB}.Release|x64.Deploy.0 = Release|x64
		{05B51351-1297-4C50-899C-01017CB572EB}.Release|x86.ActiveCfg = Release|x86
		{05B51351-1297-4C50-899C-01017CB572EB}.Release|x86.Build.0 = Release|x86
		{05B51351-1297-4C50-899C-01017CB572EB}.Release|x86.Deploy.0 = Release|x86
		{F3C19C0B-3581-4ADD-9498-580C07D6A760}.Debug|Any CPU.ActiveCfg = Debug|Any CPU
		{F3C19C0B-3581-4ADD-9498-580C07D6A760}.Debug|Any CPU.Build.0 = Debug|Any CPU
		{F3C19C0B-3581-4ADD-9498-580C07D6A760}.Debug|ARM.ActiveCfg = Debug|Any CPU
		{F3C19C0B-3581-4ADD-9498-580C07D6A760}.Debug|x64.ActiveCfg = Debug|Any CPU
		{F3C19C0B-3581-4ADD-9498-580C07D6A760}.Debug|x86.ActiveCfg = Debug|Any CPU
		{F3C19C0B-3581-4ADD-9498-580C07D6A760}.Release|Any CPU.ActiveCfg = Release|Any CPU
		{F3C19C0B-3581-4ADD-9498-580C07D6A760}.Release|Any CPU.Build.0 = Release|Any CPU
		{F3C19C0B-3581-4ADD-9498-580C07D6A760}.Release|ARM.ActiveCfg = Release|Any CPU
		{F3C19C0B-3581-4ADD-9498-580C07D6A760}.Release|x64.ActiveCfg = Release|Any CPU
		{F3C19C0B-3581-4ADD-9498-580C07D6A760}.Release|x86.ActiveCfg = Release|Any CPU
	EndGlobalSection
	GlobalSection(SolutionProperties) = preSolution
		HideSolutionNode = FALSE
	EndGlobalSection
EndGlobal
